// !$*UTF8*$!
{
	archiveVersion = 1;
	classes = {
	};
	objectVersion = 50;
	objects = {

/* Begin PBXBuildFile section */
		07B09807221BA88200337F89 /* main.c in Sources */ = {isa = PBXBuildFile; fileRef = 07B09806221BA88200337F89 /* main.c */; };
		07B09812221BA93400337F89 /* TwoSum.c in Sources */ = {isa = PBXBuildFile; fileRef = 07B09811221BA93400337F89 /* TwoSum.c */; };
		07B0981D221BCF9100337F89 /* Manager.c in Sources */ = {isa = PBXBuildFile; fileRef = 07B0981C221BCF9100337F89 /* Manager.c */; };
		07B09821221BD0DA00337F89 /* Reverse-Integer.c in Sources */ = {isa = PBXBuildFile; fileRef = 07B09820221BD0DA00337F89 /* Reverse-Integer.c */; };
		07B09824221BDF6900337F89 /* PalindromeNumber.c in Sources */ = {isa = PBXBuildFile; fileRef = 07B09823221BDF6900337F89 /* PalindromeNumber.c */; };
		07B09827221BE79B00337F89 /* RomanToInteger.c in Sources */ = {isa = PBXBuildFile; fileRef = 07B09826221BE79B00337F89 /* RomanToInteger.c */; };
		07B0982A221BEC9200337F89 /* LongestCommonPrefix.c in Sources */ = {isa = PBXBuildFile; fileRef = 07B09829221BEC9200337F89 /* LongestCommonPrefix.c */; };
		07C02DBE221FD83800E93B82 /* ValidParentheses.c in Sources */ = {isa = PBXBuildFile; fileRef = 07C02DBD221FD83800E93B82 /* ValidParentheses.c */; };
		07C02DC1221FDD7200E93B82 /* MergeTwoSortedLists.c in Sources */ = {isa = PBXBuildFile; fileRef = 07C02DC0221FDD7200E93B82 /* MergeTwoSortedLists.c */; };
		C256DE4522F975D100C3D37F /* RemoveDuplicates.c in Sources */ = {isa = PBXBuildFile; fileRef = C256DE4422F975D100C3D37F /* RemoveDuplicates.c */; };
		C256DE4822F9769000C3D37F /* RemoveElement.c in Sources */ = {isa = PBXBuildFile; fileRef = C256DE4722F9769000C3D37F /* RemoveElement.c */; };
		C256DE4B22F9779D00C3D37F /* StrStr.c in Sources */ = {isa = PBXBuildFile; fileRef = C256DE4A22F9779D00C3D37F /* StrStr.c */; };
		C256DE4E22F9782300C3D37F /* SearchInsert.c in Sources */ = {isa = PBXBuildFile; fileRef = C256DE4D22F9782300C3D37F /* SearchInsert.c */; };
		C256DE5122F9787900C3D37F /* CountAndSay.c in Sources */ = {isa = PBXBuildFile; fileRef = C256DE5022F9787900C3D37F /* CountAndSay.c */; };
		C256DE5722F9796200C3D37F /* MaxSubArray.c in Sources */ = {isa = PBXBuildFile; fileRef = C256DE5622F9796200C3D37F /* MaxSubArray.c */; };
		C256DE5A22F979F100C3D37F /* LengthOfLastWord.c in Sources */ = {isa = PBXBuildFile; fileRef = C256DE5922F979F100C3D37F /* LengthOfLastWord.c */; };
		C256DE5D22F97A7100C3D37F /* PlusOne.c in Sources */ = {isa = PBXBuildFile; fileRef = C256DE5C22F97A7100C3D37F /* PlusOne.c */; };
		C256DE6022F97ACD00C3D37F /* AddBinary.c in Sources */ = {isa = PBXBuildFile; fileRef = C256DE5F22F97ACD00C3D37F /* AddBinary.c */; };
		C256DE6322F97B3500C3D37F /* MySqrt.c in Sources */ = {isa = PBXBuildFile; fileRef = C256DE6222F97B3500C3D37F /* MySqrt.c */; };
		C256DE6622F97D9600C3D37F /* ClimbStairs.c in Sources */ = {isa = PBXBuildFile; fileRef = C256DE6522F97D9600C3D37F /* ClimbStairs.c */; };
		C256DE6922F97E2F00C3D37F /* DeleteDuplicates.c in Sources */ = {isa = PBXBuildFile; fileRef = C256DE6822F97E2F00C3D37F /* DeleteDuplicates.c */; };
		C256DE6C22F97EE800C3D37F /* MergeTwoSortedArray.c in Sources */ = {isa = PBXBuildFile; fileRef = C256DE6B22F97EE800C3D37F /* MergeTwoSortedArray.c */; };
		C256DE6F22F97F8E00C3D37F /* IsSameTree.c in Sources */ = {isa = PBXBuildFile; fileRef = C256DE6E22F97F8E00C3D37F /* IsSameTree.c */; };
		C256DE7222F97FFE00C3D37F /* IsSymmetric.c in Sources */ = {isa = PBXBuildFile; fileRef = C256DE7122F97FFE00C3D37F /* IsSymmetric.c */; };
		C256DE7522F9809E00C3D37F /* MaxDepth.c in Sources */ = {isa = PBXBuildFile; fileRef = C256DE7422F9809E00C3D37F /* MaxDepth.c */; };
		C256DE7922F981BA00C3D37F /* LevelOrderBottomII.c in Sources */ = {isa = PBXBuildFile; fileRef = C256DE7822F981BA00C3D37F /* LevelOrderBottomII.c */; };
		C256DE7C22F9822C00C3D37F /* SortedArrayToBST.c in Sources */ = {isa = PBXBuildFile; fileRef = C256DE7B22F9822C00C3D37F /* SortedArrayToBST.c */; };
		C256DE7F22F982B700C3D37F /* IsBalanced.c in Sources */ = {isa = PBXBuildFile; fileRef = C256DE7E22F982B700C3D37F /* IsBalanced.c */; };
		C256DE8222F9849E00C3D37F /* MinDepth.c in Sources */ = {isa = PBXBuildFile; fileRef = C256DE8122F9849E00C3D37F /* MinDepth.c */; };
		C256DE8522F9851500C3D37F /* HasPathSum.c in Sources */ = {isa = PBXBuildFile; fileRef = C256DE8422F9851500C3D37F /* HasPathSum.c */; };
		C256DE8822F985C700C3D37F /* PascalTriangle.c in Sources */ = {isa = PBXBuildFile; fileRef = C256DE8722F985C700C3D37F /* PascalTriangle.c */; };
		C256DE8B22F9863E00C3D37F /* PascalTriangleII.c in Sources */ = {isa = PBXBuildFile; fileRef = C256DE8A22F9863E00C3D37F /* PascalTriangleII.c */; };
		C256DE8E22F986C300C3D37F /* MaxProfit.c in Sources */ = {isa = PBXBuildFile; fileRef = C256DE8D22F986C300C3D37F /* MaxProfit.c */; };
		C256DE9122F9874200C3D37F /* MaxProfitII.c in Sources */ = {isa = PBXBuildFile; fileRef = C256DE9022F9874200C3D37F /* MaxProfitII.c */; };
		C256DE9422F987AC00C3D37F /* IsPalindromeString.c in Sources */ = {isa = PBXBuildFile; fileRef = C256DE9322F987AC00C3D37F /* IsPalindromeString.c */; };
		C256DE9722F9886E00C3D37F /* SingleNumber.c in Sources */ = {isa = PBXBuildFile; fileRef = C256DE9622F9886E00C3D37F /* SingleNumber.c */; };
		C256DE9A22F988DE00C3D37F /* HasCycle.c in Sources */ = {isa = PBXBuildFile; fileRef = C256DE9922F988DE00C3D37F /* HasCycle.c */; };
		C256DE9D22F9897500C3D37F /* MinStack.c in Sources */ = {isa = PBXBuildFile; fileRef = C256DE9C22F9897500C3D37F /* MinStack.c */; };
		C256DEA022F98A1E00C3D37F /* GetIntersectionNode.c in Sources */ = {isa = PBXBuildFile; fileRef = C256DE9F22F98A1E00C3D37F /* GetIntersectionNode.c */; };
		C256DEA322F98A9700C3D37F /* TwoSumII.c in Sources */ = {isa = PBXBuildFile; fileRef = C256DEA222F98A9700C3D37F /* TwoSumII.c */; };
		C256DEA622F98B1A00C3D37F /* ConvertToTitle.c in Sources */ = {isa = PBXBuildFile; fileRef = C256DEA522F98B1A00C3D37F /* ConvertToTitle.c */; };
		C256DEA922F98B8700C3D37F /* MajorityElement.c in Sources */ = {isa = PBXBuildFile; fileRef = C256DEA822F98B8700C3D37F /* MajorityElement.c */; };
		C256DEAC22F98BF800C3D37F /* TitleToNumber.c in Sources */ = {isa = PBXBuildFile; fileRef = C256DEAB22F98BF800C3D37F /* TitleToNumber.c */; };
		C256DEAF22F98C9000C3D37F /* TrailingZeroes.c in Sources */ = {isa = PBXBuildFile; fileRef = C256DEAE22F98C9000C3D37F /* TrailingZeroes.c */; };
		C256DEB222F98D5C00C3D37F /* RotateArray.c in Sources */ = {isa = PBXBuildFile; fileRef = C256DEB122F98D5C00C3D37F /* RotateArray.c */; };
		C2C27AC922FA68B200238969 /* ReverseBits.c in Sources */ = {isa = PBXBuildFile; fileRef = C2C27AC822FA68B200238969 /* ReverseBits.c */; };
		C2C27ACC22FA6AEC00238969 /* HammingWeight.c in Sources */ = {isa = PBXBuildFile; fileRef = C2C27ACB22FA6AEC00238969 /* HammingWeight.c */; };
		C2C27ACF22FA6C0800238969 /* IsHappyNumber.c in Sources */ = {isa = PBXBuildFile; fileRef = C2C27ACE22FA6C0800238969 /* IsHappyNumber.c */; };
		C2C27AD222FA6DE100238969 /* RemoveListNodeElements.c in Sources */ = {isa = PBXBuildFile; fileRef = C2C27AD122FA6DE100238969 /* RemoveListNodeElements.c */; };
		C2C27AD522FA8B2F00238969 /* CountPrimes.c in Sources */ = {isa = PBXBuildFile; fileRef = C2C27AD422FA8B2F00238969 /* CountPrimes.c */; };
		C2C27AD822FA8BDF00238969 /* IsIsomorphicString.c in Sources */ = {isa = PBXBuildFile; fileRef = C2C27AD722FA8BDF00238969 /* IsIsomorphicString.c */; };
		C2C27ADB22FA8CC700238969 /* ReverseListNode.c in Sources */ = {isa = PBXBuildFile; fileRef = C2C27ADA22FA8CC700238969 /* ReverseListNode.c */; };
		C2C27ADE22FAA6E500238969 /* ContainsDuplicate.c in Sources */ = {isa = PBXBuildFile; fileRef = C2C27ADD22FAA6E500238969 /* ContainsDuplicate.c */; };
		C2C27AE122FAA76900238969 /* ContainsDuplicateII.c in Sources */ = {isa = PBXBuildFile; fileRef = C2C27AE022FAA76900238969 /* ContainsDuplicateII.c */; };
		C2C27AE422FBC23A00238969 /* MyStackWithQueue.c in Sources */ = {isa = PBXBuildFile; fileRef = C2C27AE322FBC23A00238969 /* MyStackWithQueue.c */; };
		C2C27AE722FBC40600238969 /* InvertTree.c in Sources */ = {isa = PBXBuildFile; fileRef = C2C27AE622FBC40600238969 /* InvertTree.c */; };
		C2C27AEA22FBC85900238969 /* IsPowerOfTwo.c in Sources */ = {isa = PBXBuildFile; fileRef = C2C27AE922FBC85900238969 /* IsPowerOfTwo.c */; };
		C2C27AED22FBCF5400238969 /* MyQueueWithStack.c in Sources */ = {isa = PBXBuildFile; fileRef = C2C27AEC22FBCF5400238969 /* MyQueueWithStack.c */; };
		C2C27AF022FC066D00238969 /* IsPalindromeListNode.c in Sources */ = {isa = PBXBuildFile; fileRef = C2C27AEF22FC066D00238969 /* IsPalindromeListNode.c */; };
		C2C27AF322FC070F00238969 /* LowestCommonAncestor.c in Sources */ = {isa = PBXBuildFile; fileRef = C2C27AF222FC070F00238969 /* LowestCommonAncestor.c */; };
		C2C27AF622FC0FB000238969 /* DeleteNode.c in Sources */ = {isa = PBXBuildFile; fileRef = C2C27AF522FC0FB000238969 /* DeleteNode.c */; };
		C2C27AF922FC126000238969 /* IsAnagram.c in Sources */ = {isa = PBXBuildFile; fileRef = C2C27AF822FC126000238969 /* IsAnagram.c */; };
		C2C27AFC22FC130100238969 /* BinaryTreePaths.c in Sources */ = {isa = PBXBuildFile; fileRef = C2C27AFB22FC130100238969 /* BinaryTreePaths.c */; };
		C2C27AFF22FC13C600238969 /* AddDigits.c in Sources */ = {isa = PBXBuildFile; fileRef = C2C27AFE22FC13C600238969 /* AddDigits.c */; };
		C2C27B0222FC18CD00238969 /* IsUglyNumber.c in Sources */ = {isa = PBXBuildFile; fileRef = C2C27B0122FC18CD00238969 /* IsUglyNumber.c */; };
		C2C27B0522FC196B00238969 /* MissingNumber.c in Sources */ = {isa = PBXBuildFile; fileRef = C2C27B0422FC196B00238969 /* MissingNumber.c */; };
		C2C27B0822FC1A0B00238969 /* FirstBadVersion.c in Sources */ = {isa = PBXBuildFile; fileRef = C2C27B0722FC1A0B00238969 /* FirstBadVersion.c */; };
		C2C27B0B22FC1A8500238969 /* MoveZeroes.c in Sources */ = {isa = PBXBuildFile; fileRef = C2C27B0A22FC1A8500238969 /* MoveZeroes.c */; };
		C2C27B0E22FC1AF300238969 /* WordPattern.c in Sources */ = {isa = PBXBuildFile; fileRef = C2C27B0D22FC1AF300238969 /* WordPattern.c */; };
		C2C27B1122FC1B6600238969 /* CanWinNim.c in Sources */ = {isa = PBXBuildFile; fileRef = C2C27B1022FC1B6600238969 /* CanWinNim.c */; };
		C2C27B1422FC1BEC00238969 /* NumArray.c in Sources */ = {isa = PBXBuildFile; fileRef = C2C27B1322FC1BEC00238969 /* NumArray.c */; };
		C2C27B1722FC1C6200238969 /* IsPowerOfThree.c in Sources */ = {isa = PBXBuildFile; fileRef = C2C27B1622FC1C6200238969 /* IsPowerOfThree.c */; };
		C2C27B1A22FC1CCA00238969 /* IsPowerOfFour.c in Sources */ = {isa = PBXBuildFile; fileRef = C2C27B1922FC1CCA00238969 /* IsPowerOfFour.c */; };
		C2C27B1D22FC1D3C00238969 /* ReverseString.c in Sources */ = {isa = PBXBuildFile; fileRef = C2C27B1C22FC1D3C00238969 /* ReverseString.c */; };
		C2C27B2022FC1DB400238969 /* ReverseVowels.c in Sources */ = {isa = PBXBuildFile; fileRef = C2C27B1F22FC1DB400238969 /* ReverseVowels.c */; };
		C2C27B2322FC1E1D00238969 /* Intersection.c in Sources */ = {isa = PBXBuildFile; fileRef = C2C27B2222FC1E1D00238969 /* Intersection.c */; };
		C2C27B2622FC1E2D00238969 /* IntersectionII.c in Sources */ = {isa = PBXBuildFile; fileRef = C2C27B2522FC1E2D00238969 /* IntersectionII.c */; };
		C2C27B2922FC1EE600238969 /* IsPerfectSquare.c in Sources */ = {isa = PBXBuildFile; fileRef = C2C27B2822FC1EE600238969 /* IsPerfectSquare.c */; };
		C2C27B2C22FC1F5400238969 /* GetSum.c in Sources */ = {isa = PBXBuildFile; fileRef = C2C27B2B22FC1F5400238969 /* GetSum.c */; };
/* End PBXBuildFile section */

/* Begin PBXCopyFilesBuildPhase section */
		07B09801221BA88200337F89 /* CopyFiles */ = {
			isa = PBXCopyFilesBuildPhase;
			buildActionMask = 2147483647;
			dstPath = /usr/share/man/man1/;
			dstSubfolderSpec = 0;
			files = (
			);
			runOnlyForDeploymentPostprocessing = 1;
		};
/* End PBXCopyFilesBuildPhase section */

/* Begin PBXFileReference section */
		07B09803221BA88200337F89 /* MyLeetCodeTest */ = {isa = PBXFileReference; explicitFileType = "compiled.mach-o.executable"; includeInIndex = 0; path = MyLeetCodeTest; sourceTree = BUILT_PRODUCTS_DIR; };
		07B09806221BA88200337F89 /* main.c */ = {isa = PBXFileReference; lastKnownFileType = sourcecode.c.c; path = main.c; sourceTree = "<group>"; };
		07B09810221BA93400337F89 /* TwoSum.h */ = {isa = PBXFileReference; lastKnownFileType = sourcecode.c.h; path = TwoSum.h; sourceTree = "<group>"; };
		07B09811221BA93400337F89 /* TwoSum.c */ = {isa = PBXFileReference; lastKnownFileType = sourcecode.c.c; path = TwoSum.c; sourceTree = "<group>"; };
		07B09814221BA95100337F89 /* Easy.h */ = {isa = PBXFileReference; lastKnownFileType = sourcecode.c.h; path = Easy.h; sourceTree = "<group>"; };
		07B09815221BA95B00337F89 /* Hard.h */ = {isa = PBXFileReference; lastKnownFileType = sourcecode.c.h; path = Hard.h; sourceTree = "<group>"; };
		07B09816221BA96C00337F89 /* Medium.h */ = {isa = PBXFileReference; lastKnownFileType = sourcecode.c.h; path = Medium.h; sourceTree = "<group>"; };
		07B0981B221BCF9100337F89 /* Manager.h */ = {isa = PBXFileReference; lastKnownFileType = sourcecode.c.h; path = Manager.h; sourceTree = "<group>"; };
		07B0981C221BCF9100337F89 /* Manager.c */ = {isa = PBXFileReference; lastKnownFileType = sourcecode.c.c; path = Manager.c; sourceTree = "<group>"; };
		07B0981F221BD0DA00337F89 /* Reverse-Integer.h */ = {isa = PBXFileReference; lastKnownFileType = sourcecode.c.h; path = "Reverse-Integer.h"; sourceTree = "<group>"; };
		07B09820221BD0DA00337F89 /* Reverse-Integer.c */ = {isa = PBXFileReference; lastKnownFileType = sourcecode.c.c; path = "Reverse-Integer.c"; sourceTree = "<group>"; };
		07B09822221BDF6900337F89 /* PalindromeNumber.h */ = {isa = PBXFileReference; lastKnownFileType = sourcecode.c.h; path = PalindromeNumber.h; sourceTree = "<group>"; };
		07B09823221BDF6900337F89 /* PalindromeNumber.c */ = {isa = PBXFileReference; lastKnownFileType = sourcecode.c.c; path = PalindromeNumber.c; sourceTree = "<group>"; };
		07B09825221BE79B00337F89 /* RomanToInteger.h */ = {isa = PBXFileReference; lastKnownFileType = sourcecode.c.h; path = RomanToInteger.h; sourceTree = "<group>"; };
		07B09826221BE79B00337F89 /* RomanToInteger.c */ = {isa = PBXFileReference; lastKnownFileType = sourcecode.c.c; path = RomanToInteger.c; sourceTree = "<group>"; };
		07B09828221BEC9200337F89 /* LongestCommonPrefix.h */ = {isa = PBXFileReference; lastKnownFileType = sourcecode.c.h; path = LongestCommonPrefix.h; sourceTree = "<group>"; };
		07B09829221BEC9200337F89 /* LongestCommonPrefix.c */ = {isa = PBXFileReference; lastKnownFileType = sourcecode.c.c; path = LongestCommonPrefix.c; sourceTree = "<group>"; };
		07C02DBC221FD83800E93B82 /* ValidParentheses.h */ = {isa = PBXFileReference; lastKnownFileType = sourcecode.c.h; path = ValidParentheses.h; sourceTree = "<group>"; };
		07C02DBD221FD83800E93B82 /* ValidParentheses.c */ = {isa = PBXFileReference; lastKnownFileType = sourcecode.c.c; path = ValidParentheses.c; sourceTree = "<group>"; };
		07C02DBF221FDD7200E93B82 /* MergeTwoSortedLists.h */ = {isa = PBXFileReference; lastKnownFileType = sourcecode.c.h; path = MergeTwoSortedLists.h; sourceTree = "<group>"; };
		07C02DC0221FDD7200E93B82 /* MergeTwoSortedLists.c */ = {isa = PBXFileReference; lastKnownFileType = sourcecode.c.c; path = MergeTwoSortedLists.c; sourceTree = "<group>"; };
		C256DE4322F975D100C3D37F /* RemoveDuplicates.h */ = {isa = PBXFileReference; lastKnownFileType = sourcecode.c.h; path = RemoveDuplicates.h; sourceTree = "<group>"; };
		C256DE4422F975D100C3D37F /* RemoveDuplicates.c */ = {isa = PBXFileReference; lastKnownFileType = sourcecode.c.c; path = RemoveDuplicates.c; sourceTree = "<group>"; };
		C256DE4622F9769000C3D37F /* RemoveElement.h */ = {isa = PBXFileReference; lastKnownFileType = sourcecode.c.h; path = RemoveElement.h; sourceTree = "<group>"; };
		C256DE4722F9769000C3D37F /* RemoveElement.c */ = {isa = PBXFileReference; lastKnownFileType = sourcecode.c.c; path = RemoveElement.c; sourceTree = "<group>"; };
		C256DE4922F9779D00C3D37F /* StrStr.h */ = {isa = PBXFileReference; lastKnownFileType = sourcecode.c.h; path = StrStr.h; sourceTree = "<group>"; };
		C256DE4A22F9779D00C3D37F /* StrStr.c */ = {isa = PBXFileReference; lastKnownFileType = sourcecode.c.c; path = StrStr.c; sourceTree = "<group>"; };
		C256DE4C22F9782300C3D37F /* SearchInsert.h */ = {isa = PBXFileReference; lastKnownFileType = sourcecode.c.h; path = SearchInsert.h; sourceTree = "<group>"; };
		C256DE4D22F9782300C3D37F /* SearchInsert.c */ = {isa = PBXFileReference; lastKnownFileType = sourcecode.c.c; path = SearchInsert.c; sourceTree = "<group>"; };
		C256DE4F22F9787900C3D37F /* CountAndSay.h */ = {isa = PBXFileReference; lastKnownFileType = sourcecode.c.h; path = CountAndSay.h; sourceTree = "<group>"; };
		C256DE5022F9787900C3D37F /* CountAndSay.c */ = {isa = PBXFileReference; lastKnownFileType = sourcecode.c.c; path = CountAndSay.c; sourceTree = "<group>"; };
		C256DE5522F9796200C3D37F /* MaxSubArray.h */ = {isa = PBXFileReference; lastKnownFileType = sourcecode.c.h; path = MaxSubArray.h; sourceTree = "<group>"; };
		C256DE5622F9796200C3D37F /* MaxSubArray.c */ = {isa = PBXFileReference; lastKnownFileType = sourcecode.c.c; path = MaxSubArray.c; sourceTree = "<group>"; };
		C256DE5822F979F100C3D37F /* LengthOfLastWord.h */ = {isa = PBXFileReference; lastKnownFileType = sourcecode.c.h; path = LengthOfLastWord.h; sourceTree = "<group>"; };
		C256DE5922F979F100C3D37F /* LengthOfLastWord.c */ = {isa = PBXFileReference; lastKnownFileType = sourcecode.c.c; path = LengthOfLastWord.c; sourceTree = "<group>"; };
		C256DE5B22F97A7100C3D37F /* PlusOne.h */ = {isa = PBXFileReference; lastKnownFileType = sourcecode.c.h; path = PlusOne.h; sourceTree = "<group>"; };
		C256DE5C22F97A7100C3D37F /* PlusOne.c */ = {isa = PBXFileReference; lastKnownFileType = sourcecode.c.c; path = PlusOne.c; sourceTree = "<group>"; };
		C256DE5E22F97ACD00C3D37F /* AddBinary.h */ = {isa = PBXFileReference; lastKnownFileType = sourcecode.c.h; path = AddBinary.h; sourceTree = "<group>"; };
		C256DE5F22F97ACD00C3D37F /* AddBinary.c */ = {isa = PBXFileReference; lastKnownFileType = sourcecode.c.c; path = AddBinary.c; sourceTree = "<group>"; };
		C256DE6122F97B3500C3D37F /* MySqrt.h */ = {isa = PBXFileReference; lastKnownFileType = sourcecode.c.h; path = MySqrt.h; sourceTree = "<group>"; };
		C256DE6222F97B3500C3D37F /* MySqrt.c */ = {isa = PBXFileReference; lastKnownFileType = sourcecode.c.c; path = MySqrt.c; sourceTree = "<group>"; };
		C256DE6422F97D9600C3D37F /* ClimbStairs.h */ = {isa = PBXFileReference; lastKnownFileType = sourcecode.c.h; path = ClimbStairs.h; sourceTree = "<group>"; };
		C256DE6522F97D9600C3D37F /* ClimbStairs.c */ = {isa = PBXFileReference; lastKnownFileType = sourcecode.c.c; path = ClimbStairs.c; sourceTree = "<group>"; };
		C256DE6722F97E2F00C3D37F /* DeleteDuplicates.h */ = {isa = PBXFileReference; lastKnownFileType = sourcecode.c.h; path = DeleteDuplicates.h; sourceTree = "<group>"; };
		C256DE6822F97E2F00C3D37F /* DeleteDuplicates.c */ = {isa = PBXFileReference; lastKnownFileType = sourcecode.c.c; path = DeleteDuplicates.c; sourceTree = "<group>"; };
		C256DE6A22F97EE800C3D37F /* MergeTwoSortedArray.h */ = {isa = PBXFileReference; lastKnownFileType = sourcecode.c.h; path = MergeTwoSortedArray.h; sourceTree = "<group>"; };
		C256DE6B22F97EE800C3D37F /* MergeTwoSortedArray.c */ = {isa = PBXFileReference; lastKnownFileType = sourcecode.c.c; path = MergeTwoSortedArray.c; sourceTree = "<group>"; };
		C256DE6D22F97F8E00C3D37F /* IsSameTree.h */ = {isa = PBXFileReference; lastKnownFileType = sourcecode.c.h; path = IsSameTree.h; sourceTree = "<group>"; };
		C256DE6E22F97F8E00C3D37F /* IsSameTree.c */ = {isa = PBXFileReference; lastKnownFileType = sourcecode.c.c; path = IsSameTree.c; sourceTree = "<group>"; };
		C256DE7022F97FFE00C3D37F /* IsSymmetric.h */ = {isa = PBXFileReference; lastKnownFileType = sourcecode.c.h; path = IsSymmetric.h; sourceTree = "<group>"; };
		C256DE7122F97FFE00C3D37F /* IsSymmetric.c */ = {isa = PBXFileReference; lastKnownFileType = sourcecode.c.c; path = IsSymmetric.c; sourceTree = "<group>"; };
		C256DE7322F9809E00C3D37F /* MaxDepth.h */ = {isa = PBXFileReference; lastKnownFileType = sourcecode.c.h; path = MaxDepth.h; sourceTree = "<group>"; };
		C256DE7422F9809E00C3D37F /* MaxDepth.c */ = {isa = PBXFileReference; lastKnownFileType = sourcecode.c.c; path = MaxDepth.c; sourceTree = "<group>"; };
		C256DE7622F980EE00C3D37F /* defines.h */ = {isa = PBXFileReference; lastKnownFileType = sourcecode.c.h; path = defines.h; sourceTree = "<group>"; };
		C256DE7722F981BA00C3D37F /* LevelOrderBottomII.h */ = {isa = PBXFileReference; lastKnownFileType = sourcecode.c.h; path = LevelOrderBottomII.h; sourceTree = "<group>"; };
		C256DE7822F981BA00C3D37F /* LevelOrderBottomII.c */ = {isa = PBXFileReference; lastKnownFileType = sourcecode.c.c; path = LevelOrderBottomII.c; sourceTree = "<group>"; };
		C256DE7A22F9822C00C3D37F /* SortedArrayToBST.h */ = {isa = PBXFileReference; lastKnownFileType = sourcecode.c.h; path = SortedArrayToBST.h; sourceTree = "<group>"; };
		C256DE7B22F9822C00C3D37F /* SortedArrayToBST.c */ = {isa = PBXFileReference; lastKnownFileType = sourcecode.c.c; path = SortedArrayToBST.c; sourceTree = "<group>"; };
		C256DE7D22F982B700C3D37F /* IsBalanced.h */ = {isa = PBXFileReference; lastKnownFileType = sourcecode.c.h; path = IsBalanced.h; sourceTree = "<group>"; };
		C256DE7E22F982B700C3D37F /* IsBalanced.c */ = {isa = PBXFileReference; lastKnownFileType = sourcecode.c.c; path = IsBalanced.c; sourceTree = "<group>"; };
		C256DE8022F9849E00C3D37F /* MinDepth.h */ = {isa = PBXFileReference; lastKnownFileType = sourcecode.c.h; path = MinDepth.h; sourceTree = "<group>"; };
		C256DE8122F9849E00C3D37F /* MinDepth.c */ = {isa = PBXFileReference; lastKnownFileType = sourcecode.c.c; path = MinDepth.c; sourceTree = "<group>"; };
		C256DE8322F9851500C3D37F /* HasPathSum.h */ = {isa = PBXFileReference; lastKnownFileType = sourcecode.c.h; path = HasPathSum.h; sourceTree = "<group>"; };
		C256DE8422F9851500C3D37F /* HasPathSum.c */ = {isa = PBXFileReference; lastKnownFileType = sourcecode.c.c; path = HasPathSum.c; sourceTree = "<group>"; };
		C256DE8622F985C700C3D37F /* PascalTriangle.h */ = {isa = PBXFileReference; lastKnownFileType = sourcecode.c.h; path = PascalTriangle.h; sourceTree = "<group>"; };
		C256DE8722F985C700C3D37F /* PascalTriangle.c */ = {isa = PBXFileReference; lastKnownFileType = sourcecode.c.c; path = PascalTriangle.c; sourceTree = "<group>"; };
		C256DE8922F9863E00C3D37F /* PascalTriangleII.h */ = {isa = PBXFileReference; lastKnownFileType = sourcecode.c.h; path = PascalTriangleII.h; sourceTree = "<group>"; };
		C256DE8A22F9863E00C3D37F /* PascalTriangleII.c */ = {isa = PBXFileReference; lastKnownFileType = sourcecode.c.c; path = PascalTriangleII.c; sourceTree = "<group>"; };
		C256DE8C22F986C300C3D37F /* MaxProfit.h */ = {isa = PBXFileReference; lastKnownFileType = sourcecode.c.h; path = MaxProfit.h; sourceTree = "<group>"; };
		C256DE8D22F986C300C3D37F /* MaxProfit.c */ = {isa = PBXFileReference; lastKnownFileType = sourcecode.c.c; path = MaxProfit.c; sourceTree = "<group>"; };
		C256DE8F22F9874200C3D37F /* MaxProfitII.h */ = {isa = PBXFileReference; lastKnownFileType = sourcecode.c.h; path = MaxProfitII.h; sourceTree = "<group>"; };
		C256DE9022F9874200C3D37F /* MaxProfitII.c */ = {isa = PBXFileReference; lastKnownFileType = sourcecode.c.c; path = MaxProfitII.c; sourceTree = "<group>"; };
		C256DE9222F987AC00C3D37F /* IsPalindromeString.h */ = {isa = PBXFileReference; lastKnownFileType = sourcecode.c.h; path = IsPalindromeString.h; sourceTree = "<group>"; };
		C256DE9322F987AC00C3D37F /* IsPalindromeString.c */ = {isa = PBXFileReference; lastKnownFileType = sourcecode.c.c; path = IsPalindromeString.c; sourceTree = "<group>"; };
		C256DE9522F9886E00C3D37F /* SingleNumber.h */ = {isa = PBXFileReference; lastKnownFileType = sourcecode.c.h; path = SingleNumber.h; sourceTree = "<group>"; };
		C256DE9622F9886E00C3D37F /* SingleNumber.c */ = {isa = PBXFileReference; lastKnownFileType = sourcecode.c.c; path = SingleNumber.c; sourceTree = "<group>"; };
		C256DE9822F988DE00C3D37F /* HasCycle.h */ = {isa = PBXFileReference; lastKnownFileType = sourcecode.c.h; path = HasCycle.h; sourceTree = "<group>"; };
		C256DE9922F988DE00C3D37F /* HasCycle.c */ = {isa = PBXFileReference; lastKnownFileType = sourcecode.c.c; path = HasCycle.c; sourceTree = "<group>"; };
		C256DE9B22F9897500C3D37F /* MinStack.h */ = {isa = PBXFileReference; lastKnownFileType = sourcecode.c.h; path = MinStack.h; sourceTree = "<group>"; };
		C256DE9C22F9897500C3D37F /* MinStack.c */ = {isa = PBXFileReference; lastKnownFileType = sourcecode.c.c; path = MinStack.c; sourceTree = "<group>"; };
		C256DE9E22F98A1E00C3D37F /* GetIntersectionNode.h */ = {isa = PBXFileReference; lastKnownFileType = sourcecode.c.h; path = GetIntersectionNode.h; sourceTree = "<group>"; };
		C256DE9F22F98A1E00C3D37F /* GetIntersectionNode.c */ = {isa = PBXFileReference; lastKnownFileType = sourcecode.c.c; path = GetIntersectionNode.c; sourceTree = "<group>"; };
		C256DEA122F98A9700C3D37F /* TwoSumII.h */ = {isa = PBXFileReference; lastKnownFileType = sourcecode.c.h; path = TwoSumII.h; sourceTree = "<group>"; };
		C256DEA222F98A9700C3D37F /* TwoSumII.c */ = {isa = PBXFileReference; lastKnownFileType = sourcecode.c.c; path = TwoSumII.c; sourceTree = "<group>"; };
		C256DEA422F98B1A00C3D37F /* ConvertToTitle.h */ = {isa = PBXFileReference; lastKnownFileType = sourcecode.c.h; path = ConvertToTitle.h; sourceTree = "<group>"; };
		C256DEA522F98B1A00C3D37F /* ConvertToTitle.c */ = {isa = PBXFileReference; lastKnownFileType = sourcecode.c.c; path = ConvertToTitle.c; sourceTree = "<group>"; };
		C256DEA722F98B8700C3D37F /* MajorityElement.h */ = {isa = PBXFileReference; lastKnownFileType = sourcecode.c.h; path = MajorityElement.h; sourceTree = "<group>"; };
		C256DEA822F98B8700C3D37F /* MajorityElement.c */ = {isa = PBXFileReference; lastKnownFileType = sourcecode.c.c; path = MajorityElement.c; sourceTree = "<group>"; };
		C256DEAA22F98BF800C3D37F /* TitleToNumber.h */ = {isa = PBXFileReference; lastKnownFileType = sourcecode.c.h; path = TitleToNumber.h; sourceTree = "<group>"; };
		C256DEAB22F98BF800C3D37F /* TitleToNumber.c */ = {isa = PBXFileReference; lastKnownFileType = sourcecode.c.c; path = TitleToNumber.c; sourceTree = "<group>"; };
		C256DEAD22F98C9000C3D37F /* TrailingZeroes.h */ = {isa = PBXFileReference; lastKnownFileType = sourcecode.c.h; path = TrailingZeroes.h; sourceTree = "<group>"; };
		C256DEAE22F98C9000C3D37F /* TrailingZeroes.c */ = {isa = PBXFileReference; lastKnownFileType = sourcecode.c.c; path = TrailingZeroes.c; sourceTree = "<group>"; };
		C256DEB022F98D5C00C3D37F /* RotateArray.h */ = {isa = PBXFileReference; lastKnownFileType = sourcecode.c.h; path = RotateArray.h; sourceTree = "<group>"; };
		C256DEB122F98D5C00C3D37F /* RotateArray.c */ = {isa = PBXFileReference; lastKnownFileType = sourcecode.c.c; path = RotateArray.c; sourceTree = "<group>"; };
		C2C27AC722FA68B200238969 /* ReverseBits.h */ = {isa = PBXFileReference; lastKnownFileType = sourcecode.c.h; path = ReverseBits.h; sourceTree = "<group>"; };
		C2C27AC822FA68B200238969 /* ReverseBits.c */ = {isa = PBXFileReference; lastKnownFileType = sourcecode.c.c; path = ReverseBits.c; sourceTree = "<group>"; };
		C2C27ACA22FA6AEC00238969 /* HammingWeight.h */ = {isa = PBXFileReference; lastKnownFileType = sourcecode.c.h; path = HammingWeight.h; sourceTree = "<group>"; };
		C2C27ACB22FA6AEC00238969 /* HammingWeight.c */ = {isa = PBXFileReference; lastKnownFileType = sourcecode.c.c; path = HammingWeight.c; sourceTree = "<group>"; };
		C2C27ACD22FA6C0800238969 /* IsHappyNumber.h */ = {isa = PBXFileReference; lastKnownFileType = sourcecode.c.h; path = IsHappyNumber.h; sourceTree = "<group>"; };
		C2C27ACE22FA6C0800238969 /* IsHappyNumber.c */ = {isa = PBXFileReference; lastKnownFileType = sourcecode.c.c; path = IsHappyNumber.c; sourceTree = "<group>"; };
		C2C27AD022FA6DE100238969 /* RemoveListNodeElements.h */ = {isa = PBXFileReference; lastKnownFileType = sourcecode.c.h; path = RemoveListNodeElements.h; sourceTree = "<group>"; };
		C2C27AD122FA6DE100238969 /* RemoveListNodeElements.c */ = {isa = PBXFileReference; lastKnownFileType = sourcecode.c.c; path = RemoveListNodeElements.c; sourceTree = "<group>"; };
		C2C27AD322FA8B2F00238969 /* CountPrimes.h */ = {isa = PBXFileReference; lastKnownFileType = sourcecode.c.h; path = CountPrimes.h; sourceTree = "<group>"; };
		C2C27AD422FA8B2F00238969 /* CountPrimes.c */ = {isa = PBXFileReference; lastKnownFileType = sourcecode.c.c; path = CountPrimes.c; sourceTree = "<group>"; };
		C2C27AD622FA8BDF00238969 /* IsIsomorphicString.h */ = {isa = PBXFileReference; lastKnownFileType = sourcecode.c.h; path = IsIsomorphicString.h; sourceTree = "<group>"; };
		C2C27AD722FA8BDF00238969 /* IsIsomorphicString.c */ = {isa = PBXFileReference; lastKnownFileType = sourcecode.c.c; path = IsIsomorphicString.c; sourceTree = "<group>"; };
		C2C27AD922FA8CC700238969 /* ReverseListNode.h */ = {isa = PBXFileReference; lastKnownFileType = sourcecode.c.h; path = ReverseListNode.h; sourceTree = "<group>"; };
		C2C27ADA22FA8CC700238969 /* ReverseListNode.c */ = {isa = PBXFileReference; lastKnownFileType = sourcecode.c.c; path = ReverseListNode.c; sourceTree = "<group>"; };
		C2C27ADC22FAA6E500238969 /* ContainsDuplicate.h */ = {isa = PBXFileReference; lastKnownFileType = sourcecode.c.h; path = ContainsDuplicate.h; sourceTree = "<group>"; };
		C2C27ADD22FAA6E500238969 /* ContainsDuplicate.c */ = {isa = PBXFileReference; lastKnownFileType = sourcecode.c.c; path = ContainsDuplicate.c; sourceTree = "<group>"; };
		C2C27ADF22FAA76900238969 /* ContainsDuplicateII.h */ = {isa = PBXFileReference; lastKnownFileType = sourcecode.c.h; path = ContainsDuplicateII.h; sourceTree = "<group>"; };
		C2C27AE022FAA76900238969 /* ContainsDuplicateII.c */ = {isa = PBXFileReference; lastKnownFileType = sourcecode.c.c; path = ContainsDuplicateII.c; sourceTree = "<group>"; };
		C2C27AE222FBC23A00238969 /* MyStackWithQueue.h */ = {isa = PBXFileReference; lastKnownFileType = sourcecode.c.h; path = MyStackWithQueue.h; sourceTree = "<group>"; };
		C2C27AE322FBC23A00238969 /* MyStackWithQueue.c */ = {isa = PBXFileReference; lastKnownFileType = sourcecode.c.c; path = MyStackWithQueue.c; sourceTree = "<group>"; };
		C2C27AE522FBC40600238969 /* InvertTree.h */ = {isa = PBXFileReference; lastKnownFileType = sourcecode.c.h; path = InvertTree.h; sourceTree = "<group>"; };
		C2C27AE622FBC40600238969 /* InvertTree.c */ = {isa = PBXFileReference; lastKnownFileType = sourcecode.c.c; path = InvertTree.c; sourceTree = "<group>"; };
		C2C27AE822FBC85900238969 /* IsPowerOfTwo.h */ = {isa = PBXFileReference; lastKnownFileType = sourcecode.c.h; path = IsPowerOfTwo.h; sourceTree = "<group>"; };
		C2C27AE922FBC85900238969 /* IsPowerOfTwo.c */ = {isa = PBXFileReference; lastKnownFileType = sourcecode.c.c; path = IsPowerOfTwo.c; sourceTree = "<group>"; };
		C2C27AEB22FBCF5400238969 /* MyQueueWithStack.h */ = {isa = PBXFileReference; lastKnownFileType = sourcecode.c.h; path = MyQueueWithStack.h; sourceTree = "<group>"; };
		C2C27AEC22FBCF5400238969 /* MyQueueWithStack.c */ = {isa = PBXFileReference; lastKnownFileType = sourcecode.c.c; path = MyQueueWithStack.c; sourceTree = "<group>"; };
		C2C27AEE22FC066D00238969 /* IsPalindromeListNode.h */ = {isa = PBXFileReference; lastKnownFileType = sourcecode.c.h; path = IsPalindromeListNode.h; sourceTree = "<group>"; };
		C2C27AEF22FC066D00238969 /* IsPalindromeListNode.c */ = {isa = PBXFileReference; lastKnownFileType = sourcecode.c.c; path = IsPalindromeListNode.c; sourceTree = "<group>"; };
		C2C27AF122FC070F00238969 /* LowestCommonAncestor.h */ = {isa = PBXFileReference; lastKnownFileType = sourcecode.c.h; path = LowestCommonAncestor.h; sourceTree = "<group>"; };
		C2C27AF222FC070F00238969 /* LowestCommonAncestor.c */ = {isa = PBXFileReference; lastKnownFileType = sourcecode.c.c; path = LowestCommonAncestor.c; sourceTree = "<group>"; };
		C2C27AF422FC0FB000238969 /* DeleteNode.h */ = {isa = PBXFileReference; lastKnownFileType = sourcecode.c.h; path = DeleteNode.h; sourceTree = "<group>"; };
		C2C27AF522FC0FB000238969 /* DeleteNode.c */ = {isa = PBXFileReference; lastKnownFileType = sourcecode.c.c; path = DeleteNode.c; sourceTree = "<group>"; };
		C2C27AF722FC126000238969 /* IsAnagram.h */ = {isa = PBXFileReference; lastKnownFileType = sourcecode.c.h; path = IsAnagram.h; sourceTree = "<group>"; };
		C2C27AF822FC126000238969 /* IsAnagram.c */ = {isa = PBXFileReference; lastKnownFileType = sourcecode.c.c; path = IsAnagram.c; sourceTree = "<group>"; };
		C2C27AFA22FC130100238969 /* BinaryTreePaths.h */ = {isa = PBXFileReference; lastKnownFileType = sourcecode.c.h; path = BinaryTreePaths.h; sourceTree = "<group>"; };
		C2C27AFB22FC130100238969 /* BinaryTreePaths.c */ = {isa = PBXFileReference; lastKnownFileType = sourcecode.c.c; path = BinaryTreePaths.c; sourceTree = "<group>"; };
		C2C27AFD22FC13C600238969 /* AddDigits.h */ = {isa = PBXFileReference; lastKnownFileType = sourcecode.c.h; path = AddDigits.h; sourceTree = "<group>"; };
		C2C27AFE22FC13C600238969 /* AddDigits.c */ = {isa = PBXFileReference; lastKnownFileType = sourcecode.c.c; path = AddDigits.c; sourceTree = "<group>"; };
		C2C27B0022FC18CD00238969 /* IsUglyNumber.h */ = {isa = PBXFileReference; lastKnownFileType = sourcecode.c.h; path = IsUglyNumber.h; sourceTree = "<group>"; };
		C2C27B0122FC18CD00238969 /* IsUglyNumber.c */ = {isa = PBXFileReference; lastKnownFileType = sourcecode.c.c; path = IsUglyNumber.c; sourceTree = "<group>"; };
		C2C27B0322FC196B00238969 /* MissingNumber.h */ = {isa = PBXFileReference; lastKnownFileType = sourcecode.c.h; path = MissingNumber.h; sourceTree = "<group>"; };
		C2C27B0422FC196B00238969 /* MissingNumber.c */ = {isa = PBXFileReference; lastKnownFileType = sourcecode.c.c; path = MissingNumber.c; sourceTree = "<group>"; };
		C2C27B0622FC1A0B00238969 /* FirstBadVersion.h */ = {isa = PBXFileReference; lastKnownFileType = sourcecode.c.h; path = FirstBadVersion.h; sourceTree = "<group>"; };
		C2C27B0722FC1A0B00238969 /* FirstBadVersion.c */ = {isa = PBXFileReference; lastKnownFileType = sourcecode.c.c; path = FirstBadVersion.c; sourceTree = "<group>"; };
		C2C27B0922FC1A8500238969 /* MoveZeroes.h */ = {isa = PBXFileReference; lastKnownFileType = sourcecode.c.h; path = MoveZeroes.h; sourceTree = "<group>"; };
		C2C27B0A22FC1A8500238969 /* MoveZeroes.c */ = {isa = PBXFileReference; lastKnownFileType = sourcecode.c.c; path = MoveZeroes.c; sourceTree = "<group>"; };
		C2C27B0C22FC1AF300238969 /* WordPattern.h */ = {isa = PBXFileReference; lastKnownFileType = sourcecode.c.h; path = WordPattern.h; sourceTree = "<group>"; };
		C2C27B0D22FC1AF300238969 /* WordPattern.c */ = {isa = PBXFileReference; lastKnownFileType = sourcecode.c.c; path = WordPattern.c; sourceTree = "<group>"; };
		C2C27B0F22FC1B6600238969 /* CanWinNim.h */ = {isa = PBXFileReference; lastKnownFileType = sourcecode.c.h; path = CanWinNim.h; sourceTree = "<group>"; };
		C2C27B1022FC1B6600238969 /* CanWinNim.c */ = {isa = PBXFileReference; lastKnownFileType = sourcecode.c.c; path = CanWinNim.c; sourceTree = "<group>"; };
		C2C27B1222FC1BEC00238969 /* NumArray.h */ = {isa = PBXFileReference; lastKnownFileType = sourcecode.c.h; path = NumArray.h; sourceTree = "<group>"; };
		C2C27B1322FC1BEC00238969 /* NumArray.c */ = {isa = PBXFileReference; lastKnownFileType = sourcecode.c.c; path = NumArray.c; sourceTree = "<group>"; };
		C2C27B1522FC1C6200238969 /* IsPowerOfThree.h */ = {isa = PBXFileReference; lastKnownFileType = sourcecode.c.h; path = IsPowerOfThree.h; sourceTree = "<group>"; };
		C2C27B1622FC1C6200238969 /* IsPowerOfThree.c */ = {isa = PBXFileReference; lastKnownFileType = sourcecode.c.c; path = IsPowerOfThree.c; sourceTree = "<group>"; };
		C2C27B1822FC1CCA00238969 /* IsPowerOfFour.h */ = {isa = PBXFileReference; lastKnownFileType = sourcecode.c.h; path = IsPowerOfFour.h; sourceTree = "<group>"; };
		C2C27B1922FC1CCA00238969 /* IsPowerOfFour.c */ = {isa = PBXFileReference; lastKnownFileType = sourcecode.c.c; path = IsPowerOfFour.c; sourceTree = "<group>"; };
		C2C27B1B22FC1D3C00238969 /* ReverseString.h */ = {isa = PBXFileReference; lastKnownFileType = sourcecode.c.h; path = ReverseString.h; sourceTree = "<group>"; };
		C2C27B1C22FC1D3C00238969 /* ReverseString.c */ = {isa = PBXFileReference; lastKnownFileType = sourcecode.c.c; path = ReverseString.c; sourceTree = "<group>"; };
		C2C27B1E22FC1DB400238969 /* ReverseVowels.h */ = {isa = PBXFileReference; lastKnownFileType = sourcecode.c.h; path = ReverseVowels.h; sourceTree = "<group>"; };
		C2C27B1F22FC1DB400238969 /* ReverseVowels.c */ = {isa = PBXFileReference; lastKnownFileType = sourcecode.c.c; path = ReverseVowels.c; sourceTree = "<group>"; };
		C2C27B2122FC1E1D00238969 /* Intersection.h */ = {isa = PBXFileReference; lastKnownFileType = sourcecode.c.h; path = Intersection.h; sourceTree = "<group>"; };
		C2C27B2222FC1E1D00238969 /* Intersection.c */ = {isa = PBXFileReference; lastKnownFileType = sourcecode.c.c; path = Intersection.c; sourceTree = "<group>"; };
		C2C27B2422FC1E2D00238969 /* IntersectionII.h */ = {isa = PBXFileReference; lastKnownFileType = sourcecode.c.h; path = IntersectionII.h; sourceTree = "<group>"; };
		C2C27B2522FC1E2D00238969 /* IntersectionII.c */ = {isa = PBXFileReference; lastKnownFileType = sourcecode.c.c; path = IntersectionII.c; sourceTree = "<group>"; };
		C2C27B2722FC1EE600238969 /* IsPerfectSquare.h */ = {isa = PBXFileReference; lastKnownFileType = sourcecode.c.h; path = IsPerfectSquare.h; sourceTree = "<group>"; };
		C2C27B2822FC1EE600238969 /* IsPerfectSquare.c */ = {isa = PBXFileReference; lastKnownFileType = sourcecode.c.c; path = IsPerfectSquare.c; sourceTree = "<group>"; };
		C2C27B2A22FC1F5400238969 /* GetSum.h */ = {isa = PBXFileReference; lastKnownFileType = sourcecode.c.h; path = GetSum.h; sourceTree = "<group>"; };
		C2C27B2B22FC1F5400238969 /* GetSum.c */ = {isa = PBXFileReference; lastKnownFileType = sourcecode.c.c; path = GetSum.c; sourceTree = "<group>"; };
/* End PBXFileReference section */

/* Begin PBXFrameworksBuildPhase section */
		07B09800221BA88200337F89 /* Frameworks */ = {
			isa = PBXFrameworksBuildPhase;
			buildActionMask = 2147483647;
			files = (
			);
			runOnlyForDeploymentPostprocessing = 0;
		};
/* End PBXFrameworksBuildPhase section */

/* Begin PBXGroup section */
		07B097FA221BA88200337F89 = {
			isa = PBXGroup;
			children = (
				07B09805221BA88200337F89 /* MyLeetCodeTest */,
				07B09804221BA88200337F89 /* Products */,
			);
			sourceTree = "<group>";
		};
		07B09804221BA88200337F89 /* Products */ = {
			isa = PBXGroup;
			children = (
				07B09803221BA88200337F89 /* MyLeetCodeTest */,
			);
			name = Products;
			sourceTree = "<group>";
		};
		07B09805221BA88200337F89 /* MyLeetCodeTest */ = {
			isa = PBXGroup;
			children = (
				07B0980D221BA8D800337F89 /* Easy */,
				07B0980F221BA8FC00337F89 /* Medium */,
				07B0980E221BA8ED00337F89 /* Hard */,
				07B09806221BA88200337F89 /* main.c */,
				07B0981B221BCF9100337F89 /* Manager.h */,
				07B0981C221BCF9100337F89 /* Manager.c */,
				07B0981E221BCFF900337F89 /* Headers */,
			);
			path = MyLeetCodeTest;
			sourceTree = "<group>";
		};
		07B0980D221BA8D800337F89 /* Easy */ = {
			isa = PBXGroup;
			children = (
				07B09810221BA93400337F89 /* TwoSum.h */,
				07B09811221BA93400337F89 /* TwoSum.c */,
				07B0981F221BD0DA00337F89 /* Reverse-Integer.h */,
				07B09820221BD0DA00337F89 /* Reverse-Integer.c */,
				07B09822221BDF6900337F89 /* PalindromeNumber.h */,
				07B09823221BDF6900337F89 /* PalindromeNumber.c */,
				07B09825221BE79B00337F89 /* RomanToInteger.h */,
				07B09826221BE79B00337F89 /* RomanToInteger.c */,
				07B09828221BEC9200337F89 /* LongestCommonPrefix.h */,
				07B09829221BEC9200337F89 /* LongestCommonPrefix.c */,
				07C02DBC221FD83800E93B82 /* ValidParentheses.h */,
				07C02DBD221FD83800E93B82 /* ValidParentheses.c */,
				07C02DBF221FDD7200E93B82 /* MergeTwoSortedLists.h */,
				07C02DC0221FDD7200E93B82 /* MergeTwoSortedLists.c */,
				C256DE4322F975D100C3D37F /* RemoveDuplicates.h */,
				C256DE4422F975D100C3D37F /* RemoveDuplicates.c */,
				C256DE4622F9769000C3D37F /* RemoveElement.h */,
				C256DE4722F9769000C3D37F /* RemoveElement.c */,
				C256DE4922F9779D00C3D37F /* StrStr.h */,
				C256DE4A22F9779D00C3D37F /* StrStr.c */,
				C256DE4C22F9782300C3D37F /* SearchInsert.h */,
				C256DE4D22F9782300C3D37F /* SearchInsert.c */,
				C256DE4F22F9787900C3D37F /* CountAndSay.h */,
				C256DE5022F9787900C3D37F /* CountAndSay.c */,
				C256DE5522F9796200C3D37F /* MaxSubArray.h */,
				C256DE5622F9796200C3D37F /* MaxSubArray.c */,
				C256DE5822F979F100C3D37F /* LengthOfLastWord.h */,
				C256DE5922F979F100C3D37F /* LengthOfLastWord.c */,
				C256DE5B22F97A7100C3D37F /* PlusOne.h */,
				C256DE5C22F97A7100C3D37F /* PlusOne.c */,
				C256DE5E22F97ACD00C3D37F /* AddBinary.h */,
				C256DE5F22F97ACD00C3D37F /* AddBinary.c */,
				C256DE6122F97B3500C3D37F /* MySqrt.h */,
				C256DE6222F97B3500C3D37F /* MySqrt.c */,
				C256DE6422F97D9600C3D37F /* ClimbStairs.h */,
				C256DE6522F97D9600C3D37F /* ClimbStairs.c */,
				C256DE6722F97E2F00C3D37F /* DeleteDuplicates.h */,
				C256DE6822F97E2F00C3D37F /* DeleteDuplicates.c */,
				C256DE6A22F97EE800C3D37F /* MergeTwoSortedArray.h */,
				C256DE6B22F97EE800C3D37F /* MergeTwoSortedArray.c */,
				C256DE6D22F97F8E00C3D37F /* IsSameTree.h */,
				C256DE6E22F97F8E00C3D37F /* IsSameTree.c */,
				C256DE7022F97FFE00C3D37F /* IsSymmetric.h */,
				C256DE7122F97FFE00C3D37F /* IsSymmetric.c */,
				C256DE7322F9809E00C3D37F /* MaxDepth.h */,
				C256DE7422F9809E00C3D37F /* MaxDepth.c */,
				C256DE7722F981BA00C3D37F /* LevelOrderBottomII.h */,
				C256DE7822F981BA00C3D37F /* LevelOrderBottomII.c */,
				C256DE7A22F9822C00C3D37F /* SortedArrayToBST.h */,
				C256DE7B22F9822C00C3D37F /* SortedArrayToBST.c */,
				C256DE7D22F982B700C3D37F /* IsBalanced.h */,
				C256DE7E22F982B700C3D37F /* IsBalanced.c */,
				C256DE8022F9849E00C3D37F /* MinDepth.h */,
				C256DE8122F9849E00C3D37F /* MinDepth.c */,
				C256DE8322F9851500C3D37F /* HasPathSum.h */,
				C256DE8422F9851500C3D37F /* HasPathSum.c */,
				C256DE8622F985C700C3D37F /* PascalTriangle.h */,
				C256DE8722F985C700C3D37F /* PascalTriangle.c */,
				C256DE8922F9863E00C3D37F /* PascalTriangleII.h */,
				C256DE8A22F9863E00C3D37F /* PascalTriangleII.c */,
				C256DE8C22F986C300C3D37F /* MaxProfit.h */,
				C256DE8D22F986C300C3D37F /* MaxProfit.c */,
				C256DE8F22F9874200C3D37F /* MaxProfitII.h */,
				C256DE9022F9874200C3D37F /* MaxProfitII.c */,
				C256DE9222F987AC00C3D37F /* IsPalindromeString.h */,
				C256DE9322F987AC00C3D37F /* IsPalindromeString.c */,
				C256DE9522F9886E00C3D37F /* SingleNumber.h */,
				C256DE9622F9886E00C3D37F /* SingleNumber.c */,
				C256DE9822F988DE00C3D37F /* HasCycle.h */,
				C256DE9922F988DE00C3D37F /* HasCycle.c */,
				C256DE9B22F9897500C3D37F /* MinStack.h */,
				C256DE9C22F9897500C3D37F /* MinStack.c */,
				C256DE9E22F98A1E00C3D37F /* GetIntersectionNode.h */,
				C256DE9F22F98A1E00C3D37F /* GetIntersectionNode.c */,
				C256DEA122F98A9700C3D37F /* TwoSumII.h */,
				C256DEA222F98A9700C3D37F /* TwoSumII.c */,
				C256DEA422F98B1A00C3D37F /* ConvertToTitle.h */,
				C256DEA522F98B1A00C3D37F /* ConvertToTitle.c */,
				C256DEA722F98B8700C3D37F /* MajorityElement.h */,
				C256DEA822F98B8700C3D37F /* MajorityElement.c */,
				C256DEAA22F98BF800C3D37F /* TitleToNumber.h */,
				C256DEAB22F98BF800C3D37F /* TitleToNumber.c */,
				C256DEAD22F98C9000C3D37F /* TrailingZeroes.h */,
				C256DEAE22F98C9000C3D37F /* TrailingZeroes.c */,
				C256DEB022F98D5C00C3D37F /* RotateArray.h */,
				C256DEB122F98D5C00C3D37F /* RotateArray.c */,
				C2C27AC722FA68B200238969 /* ReverseBits.h */,
				C2C27AC822FA68B200238969 /* ReverseBits.c */,
				C2C27ACA22FA6AEC00238969 /* HammingWeight.h */,
				C2C27ACB22FA6AEC00238969 /* HammingWeight.c */,
				C2C27ACD22FA6C0800238969 /* IsHappyNumber.h */,
				C2C27ACE22FA6C0800238969 /* IsHappyNumber.c */,
				C2C27AD022FA6DE100238969 /* RemoveListNodeElements.h */,
				C2C27AD122FA6DE100238969 /* RemoveListNodeElements.c */,
				C2C27AD322FA8B2F00238969 /* CountPrimes.h */,
				C2C27AD422FA8B2F00238969 /* CountPrimes.c */,
				C2C27AD622FA8BDF00238969 /* IsIsomorphicString.h */,
				C2C27AD722FA8BDF00238969 /* IsIsomorphicString.c */,
				C2C27AD922FA8CC700238969 /* ReverseListNode.h */,
				C2C27ADA22FA8CC700238969 /* ReverseListNode.c */,
				C2C27ADC22FAA6E500238969 /* ContainsDuplicate.h */,
				C2C27ADD22FAA6E500238969 /* ContainsDuplicate.c */,
				C2C27ADF22FAA76900238969 /* ContainsDuplicateII.h */,
				C2C27AE022FAA76900238969 /* ContainsDuplicateII.c */,
				C2C27AE222FBC23A00238969 /* MyStackWithQueue.h */,
				C2C27AE322FBC23A00238969 /* MyStackWithQueue.c */,
				C2C27AE522FBC40600238969 /* InvertTree.h */,
				C2C27AE622FBC40600238969 /* InvertTree.c */,
				C2C27AE822FBC85900238969 /* IsPowerOfTwo.h */,
				C2C27AE922FBC85900238969 /* IsPowerOfTwo.c */,
				C2C27AEB22FBCF5400238969 /* MyQueueWithStack.h */,
				C2C27AEC22FBCF5400238969 /* MyQueueWithStack.c */,
				C2C27AEE22FC066D00238969 /* IsPalindromeListNode.h */,
				C2C27AEF22FC066D00238969 /* IsPalindromeListNode.c */,
				C2C27AF122FC070F00238969 /* LowestCommonAncestor.h */,
				C2C27AF222FC070F00238969 /* LowestCommonAncestor.c */,
				C2C27AF422FC0FB000238969 /* DeleteNode.h */,
				C2C27AF522FC0FB000238969 /* DeleteNode.c */,
				C2C27AF722FC126000238969 /* IsAnagram.h */,
				C2C27AF822FC126000238969 /* IsAnagram.c */,
				C2C27AFA22FC130100238969 /* BinaryTreePaths.h */,
				C2C27AFB22FC130100238969 /* BinaryTreePaths.c */,
				C2C27AFD22FC13C600238969 /* AddDigits.h */,
				C2C27AFE22FC13C600238969 /* AddDigits.c */,
				C2C27B0022FC18CD00238969 /* IsUglyNumber.h */,
				C2C27B0122FC18CD00238969 /* IsUglyNumber.c */,
				C2C27B0322FC196B00238969 /* MissingNumber.h */,
				C2C27B0422FC196B00238969 /* MissingNumber.c */,
				C2C27B0622FC1A0B00238969 /* FirstBadVersion.h */,
				C2C27B0722FC1A0B00238969 /* FirstBadVersion.c */,
				C2C27B0922FC1A8500238969 /* MoveZeroes.h */,
				C2C27B0A22FC1A8500238969 /* MoveZeroes.c */,
				C2C27B0C22FC1AF300238969 /* WordPattern.h */,
				C2C27B0D22FC1AF300238969 /* WordPattern.c */,
				C2C27B0F22FC1B6600238969 /* CanWinNim.h */,
				C2C27B1022FC1B6600238969 /* CanWinNim.c */,
				C2C27B1222FC1BEC00238969 /* NumArray.h */,
				C2C27B1322FC1BEC00238969 /* NumArray.c */,
				C2C27B1522FC1C6200238969 /* IsPowerOfThree.h */,
				C2C27B1622FC1C6200238969 /* IsPowerOfThree.c */,
				C2C27B1822FC1CCA00238969 /* IsPowerOfFour.h */,
				C2C27B1922FC1CCA00238969 /* IsPowerOfFour.c */,
				C2C27B1B22FC1D3C00238969 /* ReverseString.h */,
				C2C27B1C22FC1D3C00238969 /* ReverseString.c */,
				C2C27B1E22FC1DB400238969 /* ReverseVowels.h */,
				C2C27B1F22FC1DB400238969 /* ReverseVowels.c */,
				C2C27B2122FC1E1D00238969 /* Intersection.h */,
				C2C27B2222FC1E1D00238969 /* Intersection.c */,
				C2C27B2422FC1E2D00238969 /* IntersectionII.h */,
				C2C27B2522FC1E2D00238969 /* IntersectionII.c */,
				C2C27B2722FC1EE600238969 /* IsPerfectSquare.h */,
				C2C27B2822FC1EE600238969 /* IsPerfectSquare.c */,
				C2C27B2A22FC1F5400238969 /* GetSum.h */,
				C2C27B2B22FC1F5400238969 /* GetSum.c */,
			);
			path = Easy;
			sourceTree = "<group>";
		};
		07B0980E221BA8ED00337F89 /* Hard */ = {
			isa = PBXGroup;
			children = (
			);
			path = Hard;
			sourceTree = "<group>";
		};
		07B0980F221BA8FC00337F89 /* Medium */ = {
			isa = PBXGroup;
			children = (
			);
			path = Medium;
			sourceTree = "<group>";
		};
		07B0981E221BCFF900337F89 /* Headers */ = {
			isa = PBXGroup;
			children = (
				07B09814221BA95100337F89 /* Easy.h */,
				07B09815221BA95B00337F89 /* Hard.h */,
				07B09816221BA96C00337F89 /* Medium.h */,
				C256DE7622F980EE00C3D37F /* defines.h */,
			);
			path = Headers;
			sourceTree = "<group>";
		};
/* End PBXGroup section */

/* Begin PBXNativeTarget section */
		07B09802221BA88200337F89 /* MyLeetCodeTest */ = {
			isa = PBXNativeTarget;
			buildConfigurationList = 07B0980A221BA88200337F89 /* Build configuration list for PBXNativeTarget "MyLeetCodeTest" */;
			buildPhases = (
				07B097FF221BA88200337F89 /* Sources */,
				07B09800221BA88200337F89 /* Frameworks */,
				07B09801221BA88200337F89 /* CopyFiles */,
			);
			buildRules = (
			);
			dependencies = (
			);
			name = MyLeetCodeTest;
			productName = MyLeetCodeTest;
			productReference = 07B09803221BA88200337F89 /* MyLeetCodeTest */;
			productType = "com.apple.product-type.tool";
		};
/* End PBXNativeTarget section */

/* Begin PBXProject section */
		07B097FB221BA88200337F89 /* Project object */ = {
			isa = PBXProject;
			attributes = {
				LastUpgradeCheck = 1010;
				ORGANIZATIONNAME = houboye;
				TargetAttributes = {
					07B09802221BA88200337F89 = {
						CreatedOnToolsVersion = 10.1;
					};
				};
			};
			buildConfigurationList = 07B097FE221BA88200337F89 /* Build configuration list for PBXProject "MyLeetCodeTest" */;
			compatibilityVersion = "Xcode 9.3";
			developmentRegion = en;
			hasScannedForEncodings = 0;
			knownRegions = (
				en,
				Base,
			);
			mainGroup = 07B097FA221BA88200337F89;
			productRefGroup = 07B09804221BA88200337F89 /* Products */;
			projectDirPath = "";
			projectRoot = "";
			targets = (
				07B09802221BA88200337F89 /* MyLeetCodeTest */,
			);
		};
/* End PBXProject section */

/* Begin PBXSourcesBuildPhase section */
		07B097FF221BA88200337F89 /* Sources */ = {
			isa = PBXSourcesBuildPhase;
			buildActionMask = 2147483647;
			files = (
				C256DE6922F97E2F00C3D37F /* DeleteDuplicates.c in Sources */,
				07B09824221BDF6900337F89 /* PalindromeNumber.c in Sources */,
				C256DEA622F98B1A00C3D37F /* ConvertToTitle.c in Sources */,
				C256DE5D22F97A7100C3D37F /* PlusOne.c in Sources */,
				C2C27B0822FC1A0B00238969 /* FirstBadVersion.c in Sources */,
				C2C27AD222FA6DE100238969 /* RemoveListNodeElements.c in Sources */,
				C2C27AF322FC070F00238969 /* LowestCommonAncestor.c in Sources */,
				C256DE6C22F97EE800C3D37F /* MergeTwoSortedArray.c in Sources */,
				C256DE7522F9809E00C3D37F /* MaxDepth.c in Sources */,
				07B09827221BE79B00337F89 /* RomanToInteger.c in Sources */,
				C2C27AFF22FC13C600238969 /* AddDigits.c in Sources */,
				C2C27AEA22FBC85900238969 /* IsPowerOfTwo.c in Sources */,
				C2C27ACF22FA6C0800238969 /* IsHappyNumber.c in Sources */,
				C2C27AD522FA8B2F00238969 /* CountPrimes.c in Sources */,
				C256DE4822F9769000C3D37F /* RemoveElement.c in Sources */,
				C2C27AF622FC0FB000238969 /* DeleteNode.c in Sources */,
				C2C27B0B22FC1A8500238969 /* MoveZeroes.c in Sources */,
				C256DEB222F98D5C00C3D37F /* RotateArray.c in Sources */,
				C2C27AFC22FC130100238969 /* BinaryTreePaths.c in Sources */,
				C256DE6022F97ACD00C3D37F /* AddBinary.c in Sources */,
				07C02DC1221FDD7200E93B82 /* MergeTwoSortedLists.c in Sources */,
				C256DE8E22F986C300C3D37F /* MaxProfit.c in Sources */,
				07B09812221BA93400337F89 /* TwoSum.c in Sources */,
				C256DE6622F97D9600C3D37F /* ClimbStairs.c in Sources */,
				C256DEA322F98A9700C3D37F /* TwoSumII.c in Sources */,
				C2C27ACC22FA6AEC00238969 /* HammingWeight.c in Sources */,
				C256DEA022F98A1E00C3D37F /* GetIntersectionNode.c in Sources */,
				C256DE9A22F988DE00C3D37F /* HasCycle.c in Sources */,
				C2C27AE722FBC40600238969 /* InvertTree.c in Sources */,
				C256DE8522F9851500C3D37F /* HasPathSum.c in Sources */,
				C2C27B2C22FC1F5400238969 /* GetSum.c in Sources */,
				C2C27AE122FAA76900238969 /* ContainsDuplicateII.c in Sources */,
				C2C27AF922FC126000238969 /* IsAnagram.c in Sources */,
				C2C27B1A22FC1CCA00238969 /* IsPowerOfFour.c in Sources */,
				07B09821221BD0DA00337F89 /* Reverse-Integer.c in Sources */,
				C2C27B2322FC1E1D00238969 /* Intersection.c in Sources */,
				C2C27AED22FBCF5400238969 /* MyQueueWithStack.c in Sources */,
				C2C27B1D22FC1D3C00238969 /* ReverseString.c in Sources */,
				C256DE7922F981BA00C3D37F /* LevelOrderBottomII.c in Sources */,
				C2C27B1422FC1BEC00238969 /* NumArray.c in Sources */,
				C256DE9422F987AC00C3D37F /* IsPalindromeString.c in Sources */,
				C256DE5722F9796200C3D37F /* MaxSubArray.c in Sources */,
				C2C27AC922FA68B200238969 /* ReverseBits.c in Sources */,
				C256DE9122F9874200C3D37F /* MaxProfitII.c in Sources */,
				C2C27AE422FBC23A00238969 /* MyStackWithQueue.c in Sources */,
				07B0982A221BEC9200337F89 /* LongestCommonPrefix.c in Sources */,
				C256DE7F22F982B700C3D37F /* IsBalanced.c in Sources */,
				07C02DBE221FD83800E93B82 /* ValidParentheses.c in Sources */,
				C256DE8822F985C700C3D37F /* PascalTriangle.c in Sources */,
				C2C27ADE22FAA6E500238969 /* ContainsDuplicate.c in Sources */,
				C256DE6322F97B3500C3D37F /* MySqrt.c in Sources */,
				C256DE8222F9849E00C3D37F /* MinDepth.c in Sources */,
				C2C27B0522FC196B00238969 /* MissingNumber.c in Sources */,
				C256DE4522F975D100C3D37F /* RemoveDuplicates.c in Sources */,
				C2C27AD822FA8BDF00238969 /* IsIsomorphicString.c in Sources */,
				C2C27ADB22FA8CC700238969 /* ReverseListNode.c in Sources */,
				C256DE5A22F979F100C3D37F /* LengthOfLastWord.c in Sources */,
				C256DE6F22F97F8E00C3D37F /* IsSameTree.c in Sources */,
				C256DEAF22F98C9000C3D37F /* TrailingZeroes.c in Sources */,
				C2C27B1722FC1C6200238969 /* IsPowerOfThree.c in Sources */,
				07B0981D221BCF9100337F89 /* Manager.c in Sources */,
				C256DE4E22F9782300C3D37F /* SearchInsert.c in Sources */,
				C2C27B0222FC18CD00238969 /* IsUglyNumber.c in Sources */,
				C256DEA922F98B8700C3D37F /* MajorityElement.c in Sources */,
				C256DE5122F9787900C3D37F /* CountAndSay.c in Sources */,
				C2C27B2622FC1E2D00238969 /* IntersectionII.c in Sources */,
				C256DE9D22F9897500C3D37F /* MinStack.c in Sources */,
				C2C27B2022FC1DB400238969 /* ReverseVowels.c in Sources */,
				C2C27B0E22FC1AF300238969 /* WordPattern.c in Sources */,
				C2C27AF022FC066D00238969 /* IsPalindromeListNode.c in Sources */,
				07B09807221BA88200337F89 /* main.c in Sources */,
				C256DE7C22F9822C00C3D37F /* SortedArrayToBST.c in Sources */,
				C256DE4B22F9779D00C3D37F /* StrStr.c in Sources */,
				C256DEAC22F98BF800C3D37F /* TitleToNumber.c in Sources */,
				C2C27B1122FC1B6600238969 /* CanWinNim.c in Sources */,
				C256DE7222F97FFE00C3D37F /* IsSymmetric.c in Sources */,
				C256DE9722F9886E00C3D37F /* SingleNumber.c in Sources */,
				C2C27B2922FC1EE600238969 /* IsPerfectSquare.c in Sources */,
				C256DE8B22F9863E00C3D37F /* PascalTriangleII.c in Sources */,
			);
			runOnlyForDeploymentPostprocessing = 0;
		};
/* End PBXSourcesBuildPhase section */

/* Begin XCBuildConfiguration section */
		07B09808221BA88200337F89 /* Debug */ = {
			isa = XCBuildConfiguration;
			buildSettings = {
				ALWAYS_SEARCH_USER_PATHS = NO;
				CLANG_ANALYZER_NONNULL = YES;
				CLANG_ANALYZER_NUMBER_OBJECT_CONVERSION = YES_AGGRESSIVE;
				CLANG_CXX_LANGUAGE_STANDARD = "gnu++14";
				CLANG_CXX_LIBRARY = "libc++";
				CLANG_ENABLE_MODULES = YES;
				CLANG_ENABLE_OBJC_ARC = YES;
				CLANG_ENABLE_OBJC_WEAK = YES;
				CLANG_WARN_BLOCK_CAPTURE_AUTORELEASING = YES;
				CLANG_WARN_BOOL_CONVERSION = YES;
				CLANG_WARN_COMMA = YES;
				CLANG_WARN_CONSTANT_CONVERSION = YES;
				CLANG_WARN_DEPRECATED_OBJC_IMPLEMENTATIONS = YES;
				CLANG_WARN_DIRECT_OBJC_ISA_USAGE = YES_ERROR;
				CLANG_WARN_DOCUMENTATION_COMMENTS = YES;
				CLANG_WARN_EMPTY_BODY = YES;
				CLANG_WARN_ENUM_CONVERSION = YES;
				CLANG_WARN_INFINITE_RECURSION = YES;
				CLANG_WARN_INT_CONVERSION = YES;
				CLANG_WARN_NON_LITERAL_NULL_CONVERSION = YES;
				CLANG_WARN_OBJC_IMPLICIT_RETAIN_SELF = YES;
				CLANG_WARN_OBJC_LITERAL_CONVERSION = YES;
				CLANG_WARN_OBJC_ROOT_CLASS = YES_ERROR;
				CLANG_WARN_RANGE_LOOP_ANALYSIS = YES;
				CLANG_WARN_STRICT_PROTOTYPES = YES;
				CLANG_WARN_SUSPICIOUS_MOVE = YES;
				CLANG_WARN_UNGUARDED_AVAILABILITY = YES_AGGRESSIVE;
				CLANG_WARN_UNREACHABLE_CODE = YES;
				CLANG_WARN__DUPLICATE_METHOD_MATCH = YES;
				CODE_SIGN_IDENTITY = "-";
				COPY_PHASE_STRIP = NO;
				DEBUG_INFORMATION_FORMAT = dwarf;
				ENABLE_STRICT_OBJC_MSGSEND = YES;
				ENABLE_TESTABILITY = YES;
				GCC_C_LANGUAGE_STANDARD = gnu11;
				GCC_DYNAMIC_NO_PIC = NO;
				GCC_NO_COMMON_BLOCKS = YES;
				GCC_OPTIMIZATION_LEVEL = 0;
				GCC_PREPROCESSOR_DEFINITIONS = (
					"DEBUG=1",
					"$(inherited)",
				);
				GCC_WARN_64_TO_32_BIT_CONVERSION = YES;
				GCC_WARN_ABOUT_RETURN_TYPE = YES_ERROR;
				GCC_WARN_UNDECLARED_SELECTOR = YES;
				GCC_WARN_UNINITIALIZED_AUTOS = YES_AGGRESSIVE;
				GCC_WARN_UNUSED_FUNCTION = YES;
				GCC_WARN_UNUSED_VARIABLE = YES;
				MACOSX_DEPLOYMENT_TARGET = 10.14;
				MTL_ENABLE_DEBUG_INFO = INCLUDE_SOURCE;
				MTL_FAST_MATH = YES;
				ONLY_ACTIVE_ARCH = YES;
				SDKROOT = macosx;
			};
			name = Debug;
		};
		07B09809221BA88200337F89 /* Release */ = {
			isa = XCBuildConfiguration;
			buildSettings = {
				ALWAYS_SEARCH_USER_PATHS = NO;
				CLANG_ANALYZER_NONNULL = YES;
				CLANG_ANALYZER_NUMBER_OBJECT_CONVERSION = YES_AGGRESSIVE;
				CLANG_CXX_LANGUAGE_STANDARD = "gnu++14";
				CLANG_CXX_LIBRARY = "libc++";
				CLANG_ENABLE_MODULES = YES;
				CLANG_ENABLE_OBJC_ARC = YES;
				CLANG_ENABLE_OBJC_WEAK = YES;
				CLANG_WARN_BLOCK_CAPTURE_AUTORELEASING = YES;
				CLANG_WARN_BOOL_CONVERSION = YES;
				CLANG_WARN_COMMA = YES;
				CLANG_WARN_CONSTANT_CONVERSION = YES;
				CLANG_WARN_DEPRECATED_OBJC_IMPLEMENTATIONS = YES;
				CLANG_WARN_DIRECT_OBJC_ISA_USAGE = YES_ERROR;
				CLANG_WARN_DOCUMENTATION_COMMENTS = YES;
				CLANG_WARN_EMPTY_BODY = YES;
				CLANG_WARN_ENUM_CONVERSION = YES;
				CLANG_WARN_INFINITE_RECURSION = YES;
				CLANG_WARN_INT_CONVERSION = YES;
				CLANG_WARN_NON_LITERAL_NULL_CONVERSION = YES;
				CLANG_WARN_OBJC_IMPLICIT_RETAIN_SELF = YES;
				CLANG_WARN_OBJC_LITERAL_CONVERSION = YES;
				CLANG_WARN_OBJC_ROOT_CLASS = YES_ERROR;
				CLANG_WARN_RANGE_LOOP_ANALYSIS = YES;
				CLANG_WARN_STRICT_PROTOTYPES = YES;
				CLANG_WARN_SUSPICIOUS_MOVE = YES;
				CLANG_WARN_UNGUARDED_AVAILABILITY = YES_AGGRESSIVE;
				CLANG_WARN_UNREACHABLE_CODE = YES;
				CLANG_WARN__DUPLICATE_METHOD_MATCH = YES;
				CODE_SIGN_IDENTITY = "-";
				COPY_PHASE_STRIP = NO;
				DEBUG_INFORMATION_FORMAT = "dwarf-with-dsym";
				ENABLE_NS_ASSERTIONS = NO;
				ENABLE_STRICT_OBJC_MSGSEND = YES;
				GCC_C_LANGUAGE_STANDARD = gnu11;
				GCC_NO_COMMON_BLOCKS = YES;
				GCC_WARN_64_TO_32_BIT_CONVERSION = YES;
				GCC_WARN_ABOUT_RETURN_TYPE = YES_ERROR;
				GCC_WARN_UNDECLARED_SELECTOR = YES;
				GCC_WARN_UNINITIALIZED_AUTOS = YES_AGGRESSIVE;
				GCC_WARN_UNUSED_FUNCTION = YES;
				GCC_WARN_UNUSED_VARIABLE = YES;
				MACOSX_DEPLOYMENT_TARGET = 10.14;
				MTL_ENABLE_DEBUG_INFO = NO;
				MTL_FAST_MATH = YES;
				SDKROOT = macosx;
			};
			name = Release;
		};
		07B0980B221BA88200337F89 /* Debug */ = {
			isa = XCBuildConfiguration;
			buildSettings = {
				CODE_SIGN_STYLE = Automatic;
				PRODUCT_NAME = "$(TARGET_NAME)";
				USER_HEADER_SEARCH_PATHS = "\"$(SRCROOT)/MyLeetCodeTest/Easy\"";
			};
			name = Debug;
		};
		07B0980C221BA88200337F89 /* Release */ = {
			isa = XCBuildConfiguration;
			buildSettings = {
				CODE_SIGN_STYLE = Automatic;
				PRODUCT_NAME = "$(TARGET_NAME)";
				USER_HEADER_SEARCH_PATHS = "\"$(SRCROOT)/MyLeetCodeTest/Easy\"";
			};
			name = Release;
		};
/* End XCBuildConfiguration section */

/* Begin XCConfigurationList section */
		07B097FE221BA88200337F89 /* Build configuration list for PBXProject "MyLeetCodeTest" */ = {
			isa = XCConfigurationList;
			buildConfigurations = (
				07B09808221BA88200337F89 /* Debug */,
				07B09809221BA88200337F89 /* Release */,
			);
			defaultConfigurationIsVisible = 0;
			defaultConfigurationName = Release;
		};
		07B0980A221BA88200337F89 /* Build configuration list for PBXNativeTarget "MyLeetCodeTest" */ = {
			isa = XCConfigurationList;
			buildConfigurations = (
				07B0980B221BA88200337F89 /* Debug */,
				07B0980C221BA88200337F89 /* Release */,
			);
			defaultConfigurationIsVisible = 0;
			defaultConfigurationName = Release;
		};
/* End XCConfigurationList section */
	};
	rootObject = 07B097FB221BA88200337F89 /* Project object */;
}
